
Microsoft Visual Studio Solution File, Format Version 12.00
# Visual Studio Version 16
VisualStudioVersion = 16.0.32106.194
MinimumVisualStudioVersion = 10.0.40219.1
Project("{2150E333-8FDC-42A3-9474-1A3956D46DE8}") = "src", "src", "{EFCC8DDA-EA4B-4107-B6AE-40CDCF51137F}"
EndProject
Project("{9A19103F-16F7-4668-BE54-9A1E7A4F7556}") = "Test-Shop.Domain", "src\Test-Shop.Domain\Test-Shop.Domain.csproj", "{7252E1C5-0F38-4D59-91DD-B39A5671CDEE}"
EndProject
Project("{2150E333-8FDC-42A3-9474-1A3956D46DE8}") = "test", "test", "{E9AF0C2E-6F66-4D61-A66E-B89CF4001547}"
EndProject
Project("{9A19103F-16F7-4668-BE54-9A1E7A4F7556}") = "Test-Shop.Application", "src\Test-Shop.Application\Test-Shop.Application.csproj", "{9A410E0F-DCD7-4D1B-B11F-AB284E90C3F1}"
EndProject
Project("{9A19103F-16F7-4668-BE54-9A1E7A4F7556}") = "Test-Shop.WebAPI", "src\Test-Shop.WebAPI\Test-Shop.WebAPI.csproj", "{EB77F5EC-1150-4FB6-A72C-37B0E0D6BC65}"
EndProject
Project("{9A19103F-16F7-4668-BE54-9A1E7A4F7556}") = "Test-Shop.WebAPI.Identity", "src\Test-Shop.WebAPI.Identity\Test-Shop.WebAPI.Identity.csproj", "{8E903AFB-8A79-4343-8F33-459AF07E9D83}"
EndProject
Project("{9A19103F-16F7-4668-BE54-9A1E7A4F7556}") = "Test-Shop.DomainServices.Implementation", "src\Test-Shop.DomainServices.Implementation\Test-Shop.DomainServices.Implementation.csproj", "{ECBDE775-C4C9-49BA-9D2D-11108B2A7623}"
EndProject
Project("{9A19103F-16F7-4668-BE54-9A1E7A4F7556}") = "Test-Shop.DomainServices.Interfaces", "Test-Shop.DomainServices.Interfaces\Test-Shop.DomainServices.Interfaces.csproj", "{BCA9B78A-1AD9-46FD-8765-B9B20AEFE6F5}"
EndProject
Project("{9A19103F-16F7-4668-BE54-9A1E7A4F7556}") = "Test-Shop.Entities", "src\Test-Shop.Entities\Test-Shop.Entities.csproj", "{5E0A85F0-97CF-4193-84C4-87F530099AD3}"
EndProject
Project("{9A19103F-16F7-4668-BE54-9A1E7A4F7556}") = "Test-Shop.Common", "src\Test-Shop.Common\Test-Shop.Common.csproj", "{E67B4AAD-3B5B-435D-815C-24D28AEA0676}"
EndProject
Project("{9A19103F-16F7-4668-BE54-9A1E7A4F7556}") = "Test-Shop.UseCases", "src\Test-Shop.UseCases\Test-Shop.UseCases.csproj", "{36CE51CC-D8FE-44E9-A76E-BC09175748B3}"
EndProject
Project("{2150E333-8FDC-42A3-9474-1A3956D46DE8}") = "asdasd", "asdasd", "{14CF6A7F-4653-44D9-B062-6DAF873C879A}"
EndProject
Project("{9A19103F-16F7-4668-BE54-9A1E7A4F7556}") = "Test-Shop.Infrastructure.Implementation", "src\Test-Shop.Infrastructure\Test-Shop.Infrastructure.Implementation.csproj", "{52F68BB8-64BF-4CB2-9663-254D75B03D2D}"
EndProject
Project("{9A19103F-16F7-4668-BE54-9A1E7A4F7556}") = "Test-Shop.DataAccess.MsSql", "src\Test-Shop.DataAccess.MsSql\Test-Shop.DataAccess.MsSql.csproj", "{6219BF13-19DB-441D-B620-33B086D0D6AD}"
EndProject
Project("{9A19103F-16F7-4668-BE54-9A1E7A4F7556}") = "Test-Shop.Infrastructure.Interfaces", "src\Test-Shop.Infrastructure.Interfaces\Test-Shop.Infrastructure.Interfaces.csproj", "{0403F2F9-39C3-4BC5-A999-7130814FDB6B}"
EndProject
Project("{9A19103F-16F7-4668-BE54-9A1E7A4F7556}") = "Test-Shop.Shared", "src\Test-Shop.Shared\Test-Shop.Shared.csproj", "{91FC445B-C57D-4CA4-A4BC-DD9ECD531A26}"
EndProject
Global
	GlobalSection(SolutionConfigurationPlatforms) = preSolution
		Debug|Any CPU = Debug|Any CPU
		Release|Any CPU = Release|Any CPU
	EndGlobalSection
	GlobalSection(ProjectConfigurationPlatforms) = postSolution
		{7252E1C5-0F38-4D59-91DD-B39A5671CDEE}.Debug|Any CPU.ActiveCfg = Debug|Any CPU
		{7252E1C5-0F38-4D59-91DD-B39A5671CDEE}.Debug|Any CPU.Build.0 = Debug|Any CPU
		{7252E1C5-0F38-4D59-91DD-B39A5671CDEE}.Release|Any CPU.ActiveCfg = Release|Any CPU
		{7252E1C5-0F38-4D59-91DD-B39A5671CDEE}.Release|Any CPU.Build.0 = Release|Any CPU
		{9A410E0F-DCD7-4D1B-B11F-AB284E90C3F1}.Debug|Any CPU.ActiveCfg = Debug|Any CPU
		{9A410E0F-DCD7-4D1B-B11F-AB284E90C3F1}.Debug|Any CPU.Build.0 = Debug|Any CPU
		{9A410E0F-DCD7-4D1B-B11F-AB284E90C3F1}.Release|Any CPU.ActiveCfg = Release|Any CPU
		{9A410E0F-DCD7-4D1B-B11F-AB284E90C3F1}.Release|Any CPU.Build.0 = Release|Any CPU
		{EB77F5EC-1150-4FB6-A72C-37B0E0D6BC65}.Debug|Any CPU.ActiveCfg = Debug|Any CPU
		{EB77F5EC-1150-4FB6-A72C-37B0E0D6BC65}.Debug|Any CPU.Build.0 = Debug|Any CPU
		{EB77F5EC-1150-4FB6-A72C-37B0E0D6BC65}.Release|Any CPU.ActiveCfg = Release|Any CPU
		{EB77F5EC-1150-4FB6-A72C-37B0E0D6BC65}.Release|Any CPU.Build.0 = Release|Any CPU
		{8E903AFB-8A79-4343-8F33-459AF07E9D83}.Debug|Any CPU.ActiveCfg = Debug|Any CPU
		{8E903AFB-8A79-4343-8F33-459AF07E9D83}.Debug|Any CPU.Build.0 = Debug|Any CPU
		{8E903AFB-8A79-4343-8F33-459AF07E9D83}.Release|Any CPU.ActiveCfg = Release|Any CPU
		{8E903AFB-8A79-4343-8F33-459AF07E9D83}.Release|Any CPU.Build.0 = Release|Any CPU
		{ECBDE775-C4C9-49BA-9D2D-11108B2A7623}.Debug|Any CPU.ActiveCfg = Debug|Any CPU
		{ECBDE775-C4C9-49BA-9D2D-11108B2A7623}.Debug|Any CPU.Build.0 = Debug|Any CPU
		{ECBDE775-C4C9-49BA-9D2D-11108B2A7623}.Release|Any CPU.ActiveCfg = Release|Any CPU
		{ECBDE775-C4C9-49BA-9D2D-11108B2A7623}.Release|Any CPU.Build.0 = Release|Any CPU
		{BCA9B78A-1AD9-46FD-8765-B9B20AEFE6F5}.Debug|Any CPU.ActiveCfg = Debug|Any CPU
		{BCA9B78A-1AD9-46FD-8765-B9B20AEFE6F5}.Debug|Any CPU.Build.0 = Debug|Any CPU
		{BCA9B78A-1AD9-46FD-8765-B9B20AEFE6F5}.Release|Any CPU.ActiveCfg = Release|Any CPU
		{BCA9B78A-1AD9-46FD-8765-B9B20AEFE6F5}.Release|Any CPU.Build.0 = Release|Any CPU
		{5E0A85F0-97CF-4193-84C4-87F530099AD3}.Debug|Any CPU.ActiveCfg = Debug|Any CPU
		{5E0A85F0-97CF-4193-84C4-87F530099AD3}.Debug|Any CPU.Build.0 = Debug|Any CPU
		{5E0A85F0-97CF-4193-84C4-87F530099AD3}.Release|Any CPU.ActiveCfg = Release|Any CPU
		{5E0A85F0-97CF-4193-84C4-87F530099AD3}.Release|Any CPU.Build.0 = Release|Any CPU
		{E67B4AAD-3B5B-435D-815C-24D28AEA0676}.Debug|Any CPU.ActiveCfg = Debug|Any CPU
		{E67B4AAD-3B5B-435D-815C-24D28AEA0676}.Debug|Any CPU.Build.0 = Debug|Any CPU
		{E67B4AAD-3B5B-435D-815C-24D28AEA0676}.Release|Any CPU.ActiveCfg = Release|Any CPU
		{E67B4AAD-3B5B-435D-815C-24D28AEA0676}.Release|Any CPU.Build.0 = Release|Any CPU
		{36CE51CC-D8FE-44E9-A76E-BC09175748B3}.Debug|Any CPU.ActiveCfg = Debug|Any CPU
		{36CE51CC-D8FE-44E9-A76E-BC09175748B3}.Debug|Any CPU.Build.0 = Debug|Any CPU
		{36CE51CC-D8FE-44E9-A76E-BC09175748B3}.Release|Any CPU.ActiveCfg = Release|Any CPU
		{36CE51CC-D8FE-44E9-A76E-BC09175748B3}.Release|Any CPU.Build.0 = Release|Any CPU
		{52F68BB8-64BF-4CB2-9663-254D75B03D2D}.Debug|Any CPU.ActiveCfg = Debug|Any CPU
		{52F68BB8-64BF-4CB2-9663-254D75B03D2D}.Debug|Any CPU.Build.0 = Debug|Any CPU
		{52F68BB8-64BF-4CB2-9663-254D75B03D2D}.Release|Any CPU.ActiveCfg = Release|Any CPU
		{52F68BB8-64BF-4CB2-9663-254D75B03D2D}.Release|Any CPU.Build.0 = Release|Any CPU
		{6219BF13-19DB-441D-B620-33B086D0D6AD}.Debug|Any CPU.ActiveCfg = Debug|Any CPU
		{6219BF13-19DB-441D-B620-33B086D0D6AD}.Debug|Any CPU.Build.0 = Debug|Any CPU
		{6219BF13-19DB-441D-B620-33B086D0D6AD}.Release|Any CPU.ActiveCfg = Release|Any CPU
		{6219BF13-19DB-441D-B620-33B086D0D6AD}.Release|Any CPU.Build.0 = Release|Any CPU
		{0403F2F9-39C3-4BC5-A999-7130814FDB6B}.Debug|Any CPU.ActiveCfg = Debug|Any CPU
		{0403F2F9-39C3-4BC5-A999-7130814FDB6B}.Debug|Any CPU.Build.0 = Debug|Any CPU
		{0403F2F9-39C3-4BC5-A999-7130814FDB6B}.Release|Any CPU.ActiveCfg = Release|Any CPU
		{0403F2F9-39C3-4BC5-A999-7130814FDB6B}.Release|Any CPU.Build.0 = Release|Any CPU
		{91FC445B-C57D-4CA4-A4BC-DD9ECD531A26}.Debug|Any CPU.ActiveCfg = Debug|Any CPU
		{91FC445B-C57D-4CA4-A4BC-DD9ECD531A26}.Debug|Any CPU.Build.0 = Debug|Any CPU
		{91FC445B-C57D-4CA4-A4BC-DD9ECD531A26}.Release|Any CPU.ActiveCfg = Release|Any CPU
		{91FC445B-C57D-4CA4-A4BC-DD9ECD531A26}.Release|Any CPU.Build.0 = Release|Any CPU
	EndGlobalSection
	GlobalSection(SolutionProperties) = preSolution
		HideSolutionNode = FALSE
	EndGlobalSection
	GlobalSection(NestedProjects) = preSolution
		{7252E1C5-0F38-4D59-91DD-B39A5671CDEE} = {EFCC8DDA-EA4B-4107-B6AE-40CDCF51137F}
		{9A410E0F-DCD7-4D1B-B11F-AB284E90C3F1} = {EFCC8DDA-EA4B-4107-B6AE-40CDCF51137F}
		{EB77F5EC-1150-4FB6-A72C-37B0E0D6BC65} = {EFCC8DDA-EA4B-4107-B6AE-40CDCF51137F}
		{8E903AFB-8A79-4343-8F33-459AF07E9D83} = {EFCC8DDA-EA4B-4107-B6AE-40CDCF51137F}
		{ECBDE775-C4C9-49BA-9D2D-11108B2A7623} = {14CF6A7F-4653-44D9-B062-6DAF873C879A}
		{BCA9B78A-1AD9-46FD-8765-B9B20AEFE6F5} = {14CF6A7F-4653-44D9-B062-6DAF873C879A}
		{5E0A85F0-97CF-4193-84C4-87F530099AD3} = {14CF6A7F-4653-44D9-B062-6DAF873C879A}
		{E67B4AAD-3B5B-435D-815C-24D28AEA0676} = {14CF6A7F-4653-44D9-B062-6DAF873C879A}
		{36CE51CC-D8FE-44E9-A76E-BC09175748B3} = {14CF6A7F-4653-44D9-B062-6DAF873C879A}
		{14CF6A7F-4653-44D9-B062-6DAF873C879A} = {EFCC8DDA-EA4B-4107-B6AE-40CDCF51137F}
		{52F68BB8-64BF-4CB2-9663-254D75B03D2D} = {EFCC8DDA-EA4B-4107-B6AE-40CDCF51137F}
		{6219BF13-19DB-441D-B620-33B086D0D6AD} = {EFCC8DDA-EA4B-4107-B6AE-40CDCF51137F}
		{0403F2F9-39C3-4BC5-A999-7130814FDB6B} = {EFCC8DDA-EA4B-4107-B6AE-40CDCF51137F}
		{91FC445B-C57D-4CA4-A4BC-DD9ECD531A26} = {EFCC8DDA-EA4B-4107-B6AE-40CDCF51137F}
	EndGlobalSection
	GlobalSection(ExtensibilityGlobals) = postSolution
		SolutionGuid = {75E3CBB7-605C-4EC5-A580-C6DA7D13744D}
	EndGlobalSection
EndGlobal
